
Microsoft Visual Studio Solution File, Format Version 12.00
# Visual Studio Version 17
VisualStudioVersion = 17.14.37027.9
MinimumVisualStudioVersion = 10.0.40219.1
Project("{8BC9CEB8-8B4A-11D0-8D11-00A0C91BC942}") = "practice", "fisere.vcxproj", "{52BF863C-935C-4DF3-97E0-59368BDFE632}"
EndProject
Global
	GlobalSection(SolutionConfigurationPlatforms) = preSolution
		Debug|x64 = Debug|x64
		Debug|x86 = Debug|x86
		Release|x64 = Release|x64
		Release|x86 = Release|x86
	EndGlobalSection
	GlobalSection(ProjectConfigurationPlatforms) = postSolution
		{52BF863C-935C-4DF3-97E0-59368BDFE632}.Debug|x64.ActiveCfg = Debug|x64
		{52BF863C-935C-4DF3-97E0-59368BDFE632}.Debug|x64.Build.0 = Debug|x64
		{52BF863C-935C-4DF3-97E0-59368BDFE632}.Debug|x86.ActiveCfg = Debug|Win32
		{52BF863C-935C-4DF3-97E0-59368BDFE632}.Debug|x86.Build.0 = Debug|Win32
		{52BF863C-935C-4DF3-97E0-59368BDFE632}.Release|x64.ActiveCfg = Release|x64
		{52BF863C-935C-4DF3-97E0-59368BDFE632}.Release|x64.Build.0 = Release|x64
		{52BF863C-935C-4DF3-97E0-59368BDFE632}.Release|x86.ActiveCfg = Release|Win32
		{52BF863C-935C-4DF3-97E0-59368BDFE632}.Release|x86.Build.0 = Release|Win32
	EndGlobalSection
	GlobalSection(SolutionProperties) = preSolution
		HideSolutionNode = FALSE
	EndGlobalSection
	GlobalSection(ExtensibilityGlobals) = postSolution
		SolutionGuid = {3F20F1EC-3C93-48AD-BA96-D26B4AB7FB97}
	EndGlobalSection
EndGlobal
